
Microsoft Visual Studio Solution File, Format Version 12.00
# Visual Studio 15
VisualStudioVersion = 15.0.28307.539
MinimumVisualStudioVersion = 10.0.40219.1
Project("{FAE04EC0-301F-11D3-BF4B-00C04F79EFBC}") = "Loginn.Android", "Loginn\Loginn.Android\Loginn.Android.csproj", "{AD551BF7-C4AF-40AB-B3D6-B53BD02B1BA8}"
EndProject
Project("{FAE04EC0-301F-11D3-BF4B-00C04F79EFBC}") = "Loginn.iOS", "Loginn\Loginn.iOS\Loginn.iOS.csproj", "{EB37A165-3F94-493A-9B05-3C32D980E658}"
EndProject
Project("{FAE04EC0-301F-11D3-BF4B-00C04F79EFBC}") = "Loginn", "Loginn\Loginn\Loginn.csproj", "{0EE2BCA2-046E-4DC9-8ADB-44EB951B609C}"
EndProject
Global
	GlobalSection(SolutionConfigurationPlatforms) = preSolution
		Ad-Hoc|Any CPU = Ad-Hoc|Any CPU
		Ad-Hoc|iPhone = Ad-Hoc|iPhone
		Ad-Hoc|iPhoneSimulator = Ad-Hoc|iPhoneSimulator
		AppStore|Any CPU = AppStore|Any CPU
		AppStore|iPhone = AppStore|iPhone
		AppStore|iPhoneSimulator = AppStore|iPhoneSimulator
		Debug|Any CPU = Debug|Any CPU
		Debug|iPhone = Debug|iPhone
		Debug|iPhoneSimulator = Debug|iPhoneSimulator
		Release|Any CPU = Release|Any CPU
		Release|iPhone = Release|iPhone
		Release|iPhoneSimulator = Release|iPhoneSimulator
	EndGlobalSection
	GlobalSection(ProjectConfigurationPlatforms) = postSolution
		{AD551BF7-C4AF-40AB-B3D6-B53BD02B1BA8}.Ad-Hoc|Any CPU.ActiveCfg = Release|Any CPU
		{AD551BF7-C4AF-40AB-B3D6-B53BD02B1BA8}.Ad-Hoc|Any CPU.Build.0 = Release|Any CPU
		{AD551BF7-C4AF-40AB-B3D6-B53BD02B1BA8}.Ad-Hoc|Any CPU.Deploy.0 = Release|Any CPU
		{AD551BF7-C4AF-40AB-B3D6-B53BD02B1BA8}.Ad-Hoc|iPhone.ActiveCfg = Release|Any CPU
		{AD551BF7-C4AF-40AB-B3D6-B53BD02B1BA8}.Ad-Hoc|iPhone.Build.0 = Release|Any CPU
		{AD551BF7-C4AF-40AB-B3D6-B53BD02B1BA8}.Ad-Hoc|iPhone.Deploy.0 = Release|Any CPU
		{AD551BF7-C4AF-40AB-B3D6-B53BD02B1BA8}.Ad-Hoc|iPhoneSimulator.ActiveCfg = Release|Any CPU
		{AD551BF7-C4AF-40AB-B3D6-B53BD02B1BA8}.Ad-Hoc|iPhoneSimulator.Build.0 = Release|Any CPU
		{AD551BF7-C4AF-40AB-B3D6-B53BD02B1BA8}.Ad-Hoc|iPhoneSimulator.Deploy.0 = Release|Any CPU
		{AD551BF7-C4AF-40AB-B3D6-B53BD02B1BA8}.AppStore|Any CPU.ActiveCfg = Release|Any CPU
		{AD551BF7-C4AF-40AB-B3D6-B53BD02B1BA8}.AppStore|Any CPU.Build.0 = Release|Any CPU
		{AD551BF7-C4AF-40AB-B3D6-B53BD02B1BA8}.AppStore|Any CPU.Deploy.0 = Release|Any CPU
		{AD551BF7-C4AF-40AB-B3D6-B53BD02B1BA8}.AppStore|iPhone.ActiveCfg = Release|Any CPU
		{AD551BF7-C4AF-40AB-B3D6-B53BD02B1BA8}.AppStore|iPhone.Build.0 = Release|Any CPU
		{AD551BF7-C4AF-40AB-B3D6-B53BD02B1BA8}.AppStore|iPhone.Deploy.0 = Release|Any CPU
		{AD551BF7-C4AF-40AB-B3D6-B53BD02B1BA8}.AppStore|iPhoneSimulator.ActiveCfg = Release|Any CPU
		{AD551BF7-C4AF-40AB-B3D6-B53BD02B1BA8}.AppStore|iPhoneSimulator.Build.0 = Release|Any CPU
		{AD551BF7-C4AF-40AB-B3D6-B53BD02B1BA8}.AppStore|iPhoneSimulator.Deploy.0 = Release|Any CPU
		{AD551BF7-C4AF-40AB-B3D6-B53BD02B1BA8}.Debug|Any CPU.ActiveCfg = Debug|Any CPU
		{AD551BF7-C4AF-40AB-B3D6-B53BD02B1BA8}.Debug|Any CPU.Build.0 = Debug|Any CPU
		{AD551BF7-C4AF-40AB-B3D6-B53BD02B1BA8}.Debug|Any CPU.Deploy.0 = Debug|Any CPU
		{AD551BF7-C4AF-40AB-B3D6-B53BD02B1BA8}.Debug|iPhone.ActiveCfg = Debug|Any CPU
		{AD551BF7-C4AF-40AB-B3D6-B53BD02B1BA8}.Debug|iPhone.Build.0 = Debug|Any CPU
		{AD551BF7-C4AF-40AB-B3D6-B53BD02B1BA8}.Debug|iPhone.Deploy.0 = Debug|Any CPU
		{AD551BF7-C4AF-40AB-B3D6-B53BD02B1BA8}.Debug|iPhoneSimulator.ActiveCfg = Debug|Any CPU
		{AD551BF7-C4AF-40AB-B3D6-B53BD02B1BA8}.Debug|iPhoneSimulator.Build.0 = Debug|Any CPU
		{AD551BF7-C4AF-40AB-B3D6-B53BD02B1BA8}.Debug|iPhoneSimulator.Deploy.0 = Debug|Any CPU
		{AD551BF7-C4AF-40AB-B3D6-B53BD02B1BA8}.Release|Any CPU.ActiveCfg = Release|Any CPU
		{AD551BF7-C4AF-40AB-B3D6-B53BD02B1BA8}.Release|Any CPU.Build.0 = Release|Any CPU
		{AD551BF7-C4AF-40AB-B3D6-B53BD02B1BA8}.Release|Any CPU.Deploy.0 = Release|Any CPU
		{AD551BF7-C4AF-40AB-B3D6-B53BD02B1BA8}.Release|iPhone.ActiveCfg = Release|Any CPU
		{AD551BF7-C4AF-40AB-B3D6-B53BD02B1BA8}.Release|iPhone.Build.0 = Release|Any CPU
		{AD551BF7-C4AF-40AB-B3D6-B53BD02B1BA8}.Release|iPhone.Deploy.0 = Release|Any CPU
		{AD551BF7-C4AF-40AB-B3D6-B53BD02B1BA8}.Release|iPhoneSimulator.ActiveCfg = Release|Any CPU
		{AD551BF7-C4AF-40AB-B3D6-B53BD02B1BA8}.Release|iPhoneSimulator.Build.0 = Release|Any CPU
		{AD551BF7-C4AF-40AB-B3D6-B53BD02B1BA8}.Release|iPhoneSimulator.Deploy.0 = Release|Any CPU
		{EB37A165-3F94-493A-9B05-3C32D980E658}.Ad-Hoc|Any CPU.ActiveCfg = Ad-Hoc|iPhone
		{EB37A165-3F94-493A-9B05-3C32D980E658}.Ad-Hoc|Any CPU.Build.0 = Ad-Hoc|iPhone
		{EB37A165-3F94-493A-9B05-3C32D980E658}.Ad-Hoc|Any CPU.Deploy.0 = Ad-Hoc|iPhone
		{EB37A165-3F94-493A-9B05-3C32D980E658}.Ad-Hoc|iPhone.ActiveCfg = Ad-Hoc|iPhone
		{EB37A165-3F94-493A-9B05-3C32D980E658}.Ad-Hoc|iPhone.Build.0 = Ad-Hoc|iPhone
		{EB37A165-3F94-493A-9B05-3C32D980E658}.Ad-Hoc|iPhone.Deploy.0 = Ad-Hoc|iPhone
		{EB37A165-3F94-493A-9B05-3C32D980E658}.Ad-Hoc|iPhoneSimulator.ActiveCfg = Ad-Hoc|iPhoneSimulator
		{EB37A165-3F94-493A-9B05-3C32D980E658}.Ad-Hoc|iPhoneSimulator.Build.0 = Ad-Hoc|iPhoneSimulator
		{EB37A165-3F94-493A-9B05-3C32D980E658}.Ad-Hoc|iPhoneSimulator.Deploy.0 = Ad-Hoc|iPhoneSimulator
		{EB37A165-3F94-493A-9B05-3C32D980E658}.AppStore|Any CPU.ActiveCfg = AppStore|iPhone
		{EB37A165-3F94-493A-9B05-3C32D980E658}.AppStore|Any CPU.Build.0 = AppStore|iPhone
		{EB37A165-3F94-493A-9B05-3C32D980E658}.AppStore|Any CPU.Deploy.0 = AppStore|iPhone
		{EB37A165-3F94-493A-9B05-3C32D980E658}.AppStore|iPhone.ActiveCfg = AppStore|iPhone
		{EB37A165-3F94-493A-9B05-3C32D980E658}.AppStore|iPhone.Build.0 = AppStore|iPhone
		{EB37A165-3F94-493A-9B05-3C32D980E658}.AppStore|iPhone.Deploy.0 = AppStore|iPhone
		{EB37A165-3F94-493A-9B05-3C32D980E658}.AppStore|iPhoneSimulator.ActiveCfg = AppStore|iPhoneSimulator
		{EB37A165-3F94-493A-9B05-3C32D980E658}.AppStore|iPhoneSimulator.Build.0 = AppStore|iPhoneSimulator
		{EB37A165-3F94-493A-9B05-3C32D980E658}.AppStore|iPhoneSimulator.Deploy.0 = AppStore|iPhoneSimulator
		{EB37A165-3F94-493A-9B05-3C32D980E658}.Debug|Any CPU.ActiveCfg = Debug|iPhoneSimulator
		{EB37A165-3F94-493A-9B05-3C32D980E658}.Debug|Any CPU.Build.0 = Debug|iPhoneSimulator
		{EB37A165-3F94-493A-9B05-3C32D980E658}.Debug|Any CPU.Deploy.0 = Debug|iPhoneSimulator
		{EB37A165-3F94-493A-9B05-3C32D980E658}.Debug|iPhone.ActiveCfg = Debug|iPhone
		{EB37A165-3F94-493A-9B05-3C32D980E658}.Debug|iPhone.Build.0 = Debug|iPhone
		{EB37A165-3F94-493A-9B05-3C32D980E658}.Debug|iPhone.Deploy.0 = Debug|iPhone
		{EB37A165-3F94-493A-9B05-3C32D980E658}.Debug|iPhoneSimulator.ActiveCfg = Debug|iPhoneSimulator
		{EB37A165-3F94-493A-9B05-3C32D980E658}.Debug|iPhoneSimulator.Build.0 = Debug|iPhoneSimulator
		{EB37A165-3F94-493A-9B05-3C32D980E658}.Debug|iPhoneSimulator.Deploy.0 = Debug|iPhoneSimulator
		{EB37A165-3F94-493A-9B05-3C32D980E658}.Release|Any CPU.ActiveCfg = Release|iPhone
		{EB37A165-3F94-493A-9B05-3C32D980E658}.Release|Any CPU.Build.0 = Release|iPhone
		{EB37A165-3F94-493A-9B05-3C32D980E658}.Release|Any CPU.Deploy.0 = Release|iPhone
		{EB37A165-3F94-493A-9B05-3C32D980E658}.Release|iPhone.ActiveCfg = Release|iPhone
		{EB37A165-3F94-493A-9B05-3C32D980E658}.Release|iPhone.Build.0 = Release|iPhone
		{EB37A165-3F94-493A-9B05-3C32D980E658}.Release|iPhone.Deploy.0 = Release|iPhone
		{EB37A165-3F94-493A-9B05-3C32D980E658}.Release|iPhoneSimulator.ActiveCfg = Release|iPhoneSimulator
		{EB37A165-3F94-493A-9B05-3C32D980E658}.Release|iPhoneSimulator.Build.0 = Release|iPhoneSimulator
		{EB37A165-3F94-493A-9B05-3C32D980E658}.Release|iPhoneSimulator.Deploy.0 = Release|iPhoneSimulator
		{0EE2BCA2-046E-4DC9-8ADB-44EB951B609C}.Ad-Hoc|Any CPU.ActiveCfg = Debug|Any CPU
		{0EE2BCA2-046E-4DC9-8ADB-44EB951B609C}.Ad-Hoc|Any CPU.Build.0 = Debug|Any CPU
		{0EE2BCA2-046E-4DC9-8ADB-44EB951B609C}.Ad-Hoc|Any CPU.Deploy.0 = Debug|Any CPU
		{0EE2BCA2-046E-4DC9-8ADB-44EB951B609C}.Ad-Hoc|iPhone.ActiveCfg = Debug|Any CPU
		{0EE2BCA2-046E-4DC9-8ADB-44EB951B609C}.Ad-Hoc|iPhone.Build.0 = Debug|Any CPU
		{0EE2BCA2-046E-4DC9-8ADB-44EB951B609C}.Ad-Hoc|iPhone.Deploy.0 = Debug|Any CPU
		{0EE2BCA2-046E-4DC9-8ADB-44EB951B609C}.Ad-Hoc|iPhoneSimulator.ActiveCfg = Debug|Any CPU
		{0EE2BCA2-046E-4DC9-8ADB-44EB951B609C}.Ad-Hoc|iPhoneSimulator.Build.0 = Debug|Any CPU
		{0EE2BCA2-046E-4DC9-8ADB-44EB951B609C}.Ad-Hoc|iPhoneSimulator.Deploy.0 = Debug|Any CPU
		{0EE2BCA2-046E-4DC9-8ADB-44EB951B609C}.AppStore|Any CPU.ActiveCfg = Debug|Any CPU
		{0EE2BCA2-046E-4DC9-8ADB-44EB951B609C}.AppStore|Any CPU.Build.0 = Debug|Any CPU
		{0EE2BCA2-046E-4DC9-8ADB-44EB951B609C}.AppStore|Any CPU.Deploy.0 = Debug|Any CPU
		{0EE2BCA2-046E-4DC9-8ADB-44EB951B609C}.AppStore|iPhone.ActiveCfg = Debug|Any CPU
		{0EE2BCA2-046E-4DC9-8ADB-44EB951B609C}.AppStore|iPhone.Build.0 = Debug|Any CPU
		{0EE2BCA2-046E-4DC9-8ADB-44EB951B609C}.AppStore|iPhone.Deploy.0 = Debug|Any CPU
		{0EE2BCA2-046E-4DC9-8ADB-44EB951B609C}.AppStore|iPhoneSimulator.ActiveCfg = Debug|Any CPU
		{0EE2BCA2-046E-4DC9-8ADB-44EB951B609C}.AppStore|iPhoneSimulator.Build.0 = Debug|Any CPU
		{0EE2BCA2-046E-4DC9-8ADB-44EB951B609C}.AppStore|iPhoneSimulator.Deploy.0 = Debug|Any CPU
		{0EE2BCA2-046E-4DC9-8ADB-44EB951B609C}.Debug|Any CPU.ActiveCfg = Debug|Any CPU
		{0EE2BCA2-046E-4DC9-8ADB-44EB951B609C}.Debug|Any CPU.Build.0 = Debug|Any CPU
		{0EE2BCA2-046E-4DC9-8ADB-44EB951B609C}.Debug|Any CPU.Deploy.0 = Debug|Any CPU
		{0EE2BCA2-046E-4DC9-8ADB-44EB951B609C}.Debug|iPhone.ActiveCfg = Debug|Any CPU
		{0EE2BCA2-046E-4DC9-8ADB-44EB951B609C}.Debug|iPhone.Build.0 = Debug|Any CPU
		{0EE2BCA2-046E-4DC9-8ADB-44EB951B609C}.Debug|iPhone.Deploy.0 = Debug|Any CPU
		{0EE2BCA2-046E-4DC9-8ADB-44EB951B609C}.Debug|iPhoneSimulator.ActiveCfg = Debug|Any CPU
		{0EE2BCA2-046E-4DC9-8ADB-44EB951B609C}.Debug|iPhoneSimulator.Build.0 = Debug|Any CPU
		{0EE2BCA2-046E-4DC9-8ADB-44EB951B609C}.Debug|iPhoneSimulator.Deploy.0 = Debug|Any CPU
		{0EE2BCA2-046E-4DC9-8ADB-44EB951B609C}.Release|Any CPU.ActiveCfg = Release|Any CPU
		{0EE2BCA2-046E-4DC9-8ADB-44EB951B609C}.Release|Any CPU.Build.0 = Release|Any CPU
		{0EE2BCA2-046E-4DC9-8ADB-44EB951B609C}.Release|Any CPU.Deploy.0 = Release|Any CPU
		{0EE2BCA2-046E-4DC9-8ADB-44EB951B609C}.Release|iPhone.ActiveCfg = Release|Any CPU
		{0EE2BCA2-046E-4DC9-8ADB-44EB951B609C}.Release|iPhone.Build.0 = Release|Any CPU
		{0EE2BCA2-046E-4DC9-8ADB-44EB951B609C}.Release|iPhone.Deploy.0 = Release|Any CPU
		{0EE2BCA2-046E-4DC9-8ADB-44EB951B609C}.Release|iPhoneSimulator.ActiveCfg = Release|Any CPU
		{0EE2BCA2-046E-4DC9-8ADB-44EB951B609C}.Release|iPhoneSimulator.Build.0 = Release|Any CPU
		{0EE2BCA2-046E-4DC9-8ADB-44EB951B609C}.Release|iPhoneSimulator.Deploy.0 = Release|Any CPU
	EndGlobalSection
	GlobalSection(SolutionProperties) = preSolution
		HideSolutionNode = FALSE
	EndGlobalSection
	GlobalSection(ExtensibilityGlobals) = postSolution
		SolutionGuid = {8D291BF1-940B-46B9-8EB2-ED5350D5F760}
	EndGlobalSection
EndGlobal
